
Microsoft Visual Studio Solution File, Format Version 12.00
# Visual Studio 15
VisualStudioVersion = 15.0.26730.10
MinimumVisualStudioVersion = 10.0.40219.1
Project("{2150E333-8FDC-42A3-9474-1A3956D46DE8}") = "Solution Items", "Solution Items", "{C40B19F0-B57D-42C3-94A7-5A2E4D84675A}"
EndProject
Project("{8BC9CEB8-8B4A-11D0-8D11-00A0C91BC942}") = "Viewer", "src\Viewer\Viewer.vcxproj", "{AA714E65-CFC8-4171-A514-7961713BAD41}"
EndProject
Project("{8BC9CEB8-8B4A-11D0-8D11-00A0C91BC942}") = "Futhark", "Futhark\Futhark.vcxproj", "{3524243C-5261-4C55-BB04-22C23F473846}"
EndProject
Project("{8BC9CEB8-8B4A-11D0-8D11-00A0C91BC942}") = "TileViewer", "TileViewer\TileViewer.vcxproj", "{79929BD2-6646-4138-8574-C9C6206B14CB}"
	ProjectSection(ProjectDependencies) = postProject
		{3524243C-5261-4C55-BB04-22C23F473846} = {3524243C-5261-4C55-BB04-22C23F473846}
	EndProjectSection
EndProject
Global
	GlobalSection(SolutionConfigurationPlatforms) = preSolution
		Debug|x64 = Debug|x64
		Debug|x86 = Debug|x86
		Release|x64 = Release|x64
		Release|x86 = Release|x86
	EndGlobalSection
	GlobalSection(ProjectConfigurationPlatforms) = postSolution
		{AA714E65-CFC8-4171-A514-7961713BAD41}.Debug|x64.ActiveCfg = Debug|x64
		{AA714E65-CFC8-4171-A514-7961713BAD41}.Debug|x64.Build.0 = Debug|x64
		{AA714E65-CFC8-4171-A514-7961713BAD41}.Debug|x86.ActiveCfg = Debug|Win32
		{AA714E65-CFC8-4171-A514-7961713BAD41}.Debug|x86.Build.0 = Debug|Win32
		{AA714E65-CFC8-4171-A514-7961713BAD41}.Release|x64.ActiveCfg = Release|x64
		{AA714E65-CFC8-4171-A514-7961713BAD41}.Release|x64.Build.0 = Release|x64
		{AA714E65-CFC8-4171-A514-7961713BAD41}.Release|x86.ActiveCfg = Release|Win32
		{AA714E65-CFC8-4171-A514-7961713BAD41}.Release|x86.Build.0 = Release|Win32
		{3524243C-5261-4C55-BB04-22C23F473846}.Debug|x64.ActiveCfg = Debug|x64
		{3524243C-5261-4C55-BB04-22C23F473846}.Debug|x64.Build.0 = Debug|x64
		{3524243C-5261-4C55-BB04-22C23F473846}.Debug|x86.ActiveCfg = Debug|Win32
		{3524243C-5261-4C55-BB04-22C23F473846}.Debug|x86.Build.0 = Debug|Win32
		{3524243C-5261-4C55-BB04-22C23F473846}.Release|x64.ActiveCfg = Release|x64
		{3524243C-5261-4C55-BB04-22C23F473846}.Release|x64.Build.0 = Release|x64
		{3524243C-5261-4C55-BB04-22C23F473846}.Release|x86.ActiveCfg = Release|Win32
		{3524243C-5261-4C55-BB04-22C23F473846}.Release|x86.Build.0 = Release|Win32
		{79929BD2-6646-4138-8574-C9C6206B14CB}.Debug|x64.ActiveCfg = Debug|x64
		{79929BD2-6646-4138-8574-C9C6206B14CB}.Debug|x64.Build.0 = Debug|x64
		{79929BD2-6646-4138-8574-C9C6206B14CB}.Debug|x86.ActiveCfg = Debug|Win32
		{79929BD2-6646-4138-8574-C9C6206B14CB}.Debug|x86.Build.0 = Debug|Win32
		{79929BD2-6646-4138-8574-C9C6206B14CB}.Release|x64.ActiveCfg = Release|x64
		{79929BD2-6646-4138-8574-C9C6206B14CB}.Release|x64.Build.0 = Release|x64
		{79929BD2-6646-4138-8574-C9C6206B14CB}.Release|x86.ActiveCfg = Release|Win32
		{79929BD2-6646-4138-8574-C9C6206B14CB}.Release|x86.Build.0 = Release|Win32
	EndGlobalSection
	GlobalSection(SolutionProperties) = preSolution
		HideSolutionNode = FALSE
	EndGlobalSection
	GlobalSection(ExtensibilityGlobals) = postSolution
		SolutionGuid = {492B668F-90B4-4948-B563-4E1E42B89439}
	EndGlobalSection
EndGlobal
