
Microsoft Visual Studio Solution File, Format Version 12.00
# Visual Studio 15
VisualStudioVersion = 15.0.27130.2036
MinimumVisualStudioVersion = 10.0.40219.1
Project("{8BC9CEB8-8B4A-11D0-8D11-00A0C91BC942}") = "test", "src\test\test.vcxproj", "{42F94E5B-372C-4DA2-AA39-25FF56E0901C}"
EndProject
Project("{8BC9CEB8-8B4A-11D0-8D11-00A0C91BC942}") = "textureTest", "src\textureTest\textureTest.vcxproj", "{531FC59A-39E0-42F0-AA3F-97A3D6A65784}"
EndProject
Project("{8BC9CEB8-8B4A-11D0-8D11-00A0C91BC942}") = "teapotTest", "src\teapotTest\teapotTest.vcxproj", "{2744A280-92E3-45F5-BF80-5BEB28C1A7C2}"
EndProject
Project("{2150E333-8FDC-42A3-9474-1A3956D46DE8}") = "Solution Items", "Solution Items", "{C40B19F0-B57D-42C3-94A7-5A2E4D84675A}"
	ProjectSection(SolutionItems) = preProject
		README.md = README.md
	EndProjectSection
EndProject
Project("{8BC9CEB8-8B4A-11D0-8D11-00A0C91BC942}") = "Viewer", "src\Viewer\Viewer.vcxproj", "{AA714E65-CFC8-4171-A514-7961713BAD41}"
EndProject
Global
	GlobalSection(SolutionConfigurationPlatforms) = preSolution
		Debug|x64 = Debug|x64
		Debug|x86 = Debug|x86
		Release|x64 = Release|x64
		Release|x86 = Release|x86
	EndGlobalSection
	GlobalSection(ProjectConfigurationPlatforms) = postSolution
		{42F94E5B-372C-4DA2-AA39-25FF56E0901C}.Debug|x64.ActiveCfg = Debug|x64
		{42F94E5B-372C-4DA2-AA39-25FF56E0901C}.Debug|x64.Build.0 = Debug|x64
		{42F94E5B-372C-4DA2-AA39-25FF56E0901C}.Debug|x86.ActiveCfg = Debug|Win32
		{42F94E5B-372C-4DA2-AA39-25FF56E0901C}.Debug|x86.Build.0 = Debug|Win32
		{42F94E5B-372C-4DA2-AA39-25FF56E0901C}.Release|x64.ActiveCfg = Release|x64
		{42F94E5B-372C-4DA2-AA39-25FF56E0901C}.Release|x64.Build.0 = Release|x64
		{42F94E5B-372C-4DA2-AA39-25FF56E0901C}.Release|x86.ActiveCfg = Release|Win32
		{42F94E5B-372C-4DA2-AA39-25FF56E0901C}.Release|x86.Build.0 = Release|Win32
		{531FC59A-39E0-42F0-AA3F-97A3D6A65784}.Debug|x64.ActiveCfg = Debug|x64
		{531FC59A-39E0-42F0-AA3F-97A3D6A65784}.Debug|x64.Build.0 = Debug|x64
		{531FC59A-39E0-42F0-AA3F-97A3D6A65784}.Debug|x86.ActiveCfg = Debug|Win32
		{531FC59A-39E0-42F0-AA3F-97A3D6A65784}.Debug|x86.Build.0 = Debug|Win32
		{531FC59A-39E0-42F0-AA3F-97A3D6A65784}.Release|x64.ActiveCfg = Release|x64
		{531FC59A-39E0-42F0-AA3F-97A3D6A65784}.Release|x64.Build.0 = Release|x64
		{531FC59A-39E0-42F0-AA3F-97A3D6A65784}.Release|x86.ActiveCfg = Release|Win32
		{531FC59A-39E0-42F0-AA3F-97A3D6A65784}.Release|x86.Build.0 = Release|Win32
		{2744A280-92E3-45F5-BF80-5BEB28C1A7C2}.Debug|x64.ActiveCfg = Debug|x64
		{2744A280-92E3-45F5-BF80-5BEB28C1A7C2}.Debug|x64.Build.0 = Debug|x64
		{2744A280-92E3-45F5-BF80-5BEB28C1A7C2}.Debug|x86.ActiveCfg = Debug|Win32
		{2744A280-92E3-45F5-BF80-5BEB28C1A7C2}.Debug|x86.Build.0 = Debug|Win32
		{2744A280-92E3-45F5-BF80-5BEB28C1A7C2}.Release|x64.ActiveCfg = Release|x64
		{2744A280-92E3-45F5-BF80-5BEB28C1A7C2}.Release|x64.Build.0 = Release|x64
		{2744A280-92E3-45F5-BF80-5BEB28C1A7C2}.Release|x86.ActiveCfg = Release|Win32
		{2744A280-92E3-45F5-BF80-5BEB28C1A7C2}.Release|x86.Build.0 = Release|Win32
		{AA714E65-CFC8-4171-A514-7961713BAD41}.Debug|x64.ActiveCfg = Debug|x64
		{AA714E65-CFC8-4171-A514-7961713BAD41}.Debug|x64.Build.0 = Debug|x64
		{AA714E65-CFC8-4171-A514-7961713BAD41}.Debug|x86.ActiveCfg = Debug|Win32
		{AA714E65-CFC8-4171-A514-7961713BAD41}.Debug|x86.Build.0 = Debug|Win32
		{AA714E65-CFC8-4171-A514-7961713BAD41}.Release|x64.ActiveCfg = Release|x64
		{AA714E65-CFC8-4171-A514-7961713BAD41}.Release|x64.Build.0 = Release|x64
		{AA714E65-CFC8-4171-A514-7961713BAD41}.Release|x86.ActiveCfg = Release|Win32
		{AA714E65-CFC8-4171-A514-7961713BAD41}.Release|x86.Build.0 = Release|Win32
	EndGlobalSection
	GlobalSection(SolutionProperties) = preSolution
		HideSolutionNode = FALSE
	EndGlobalSection
	GlobalSection(ExtensibilityGlobals) = postSolution
		SolutionGuid = {492B668F-90B4-4948-B563-4E1E42B89439}
	EndGlobalSection
EndGlobal
