<?xml version="1.0" encoding="utf-8"?>
<Project ToolsVersion="4.0" xmlns="http://schemas.microsoft.com/developer/msbuild/2003">
  <ItemGroup>
    <ClCompile Include="Camera.cpp" />
    <ClCompile Include="Controls.cpp" />
    <ClCompile Include="CubePoints.cpp" />
    <ClCompile Include="GUI.cpp" />
    <ClCompile Include="ImageHandler.cpp" />
    <ClCompile Include="ImageQueue.cpp" />
    <ClCompile Include="InternetDownload.cpp" />
    <ClCompile Include="Shader.cpp" />
    <ClCompile Include="TileViewer.cpp" />
    <ClCompile Include="STViewer.cpp" />
    <ClCompile Include="VR.cpp" />
    <ClCompile Include="RemoteClient.cpp" />
    <ClCompile Include="Socket.cpp" />
  </ItemGroup>
  <ItemGroup>
    <ClInclude Include="Camera.h">
      <Filter>Headers</Filter>
    </ClInclude>
    <ClInclude Include="Controls.h">
      <Filter>Headers</Filter>
    </ClInclude>
    <ClInclude Include="CubePoints.h">
      <Filter>Headers</Filter>
    </ClInclude>
    <ClInclude Include="GUI.h">
      <Filter>Headers</Filter>
    </ClInclude>
    <ClInclude Include="Image.h">
      <Filter>Headers</Filter>
    </ClInclude>
    <ClInclude Include="ImageHandler.h">
      <Filter>Headers</Filter>
    </ClInclude>
    <ClInclude Include="InternetDownload.h">
      <Filter>Headers</Filter>
    </ClInclude>
    <ClInclude Include="PanoInfo.h">
      <Filter>Headers</Filter>
    </ClInclude>
    <ClInclude Include="ImageQueue.h">
      <Filter>Headers</Filter>
    </ClInclude>
    <ClInclude Include="RemoteClient.h">
      <Filter>Headers</Filter>
    </ClInclude>
    <ClInclude Include="Shader.h">
      <Filter>Headers</Filter>
    </ClInclude>
    <ClInclude Include="Shared.h">
      <Filter>Headers</Filter>
    </ClInclude>
    <ClInclude Include="Socket.h">
      <Filter>Headers</Filter>
    </ClInclude>
    <ClInclude Include="stb_image.h">
      <Filter>Headers</Filter>
    </ClInclude>
    <ClInclude Include="stb_image_write.h">
      <Filter>Headers</Filter>
    </ClInclude>
    <ClInclude Include="STViewer.h">
      <Filter>Headers</Filter>
    </ClInclude>
    <ClInclude Include="STViewerCallbacks.h">
      <Filter>Headers</Filter>
    </ClInclude>
    <ClInclude Include="TileViewer.h">
      <Filter>Headers</Filter>
    </ClInclude>
    <ClInclude Include="ThreadSafeQueue.hpp">
      <Filter>Headers</Filter>
    </ClInclude>
    <ClInclude Include="ThreadPool.hpp">
      <Filter>Headers</Filter>
    </ClInclude>
    <ClInclude Include="VR.h">
      <Filter>Headers</Filter>
    </ClInclude>
    <ClInclude Include="SafeQueue.h" />
  </ItemGroup>
  <ItemGroup>
    <None Include="gui.frag" />
    <None Include="gui.vert" />
    <None Include="packages.config" />
    <None Include="Shader.frag" />
    <None Include="Shader.geom" />
    <None Include="Shader.vert" />
  </ItemGroup>
  <ItemGroup>
    <Filter Include="Headers">
      <UniqueIdentifier>{d328b138-8de9-425a-b130-0179e24c6ddf}</UniqueIdentifier>
    </Filter>
  </ItemGroup>
</Project>