<?xml version="1.0" encoding="utf-8"?>
<Project ToolsVersion="4.0" xmlns="http://schemas.microsoft.com/developer/msbuild/2003">
  <ItemGroup>
    <ClCompile Include="Camera.cpp" />
    <ClCompile Include="Controls.cpp" />
    <ClCompile Include="CubePoints.cpp" />
    <ClCompile Include="GUI.cpp" />
    <ClCompile Include="ImageHandler.cpp" />
    <ClCompile Include="ImageQueue.cpp" />
    <ClCompile Include="InternetDownload.cpp" />
    <ClCompile Include="Shader.cpp" />
    <ClCompile Include="TileViewer.cpp" />
    <ClCompile Include="STViewer.cpp" />
    <ClCompile Include="VR.cpp" />
    <ClCompile Include="RemoteClient.cpp" />
    <ClCompile Include="Socket.cpp" />
  </ItemGroup>
  <ItemGroup>
    <ClInclude Include="Controls.h" />
    <ClInclude Include="CubePoints.h" />
    <ClInclude Include="GUI.h" />
    <ClInclude Include="Image.h" />
    <ClInclude Include="ImageHandler.h" />
    <ClInclude Include="ImageQueue.h" />
    <ClInclude Include="InternetDownload.h" />
    <ClInclude Include="Camera.h" />
    <ClInclude Include="PanoInfo.h" />
    <ClInclude Include="Shader.h" />
    <ClInclude Include="Shared.h" />
    <ClInclude Include="stb_image.h" />
    <ClInclude Include="stb_image_write.h" />
    <ClInclude Include="STViewerCallbacks.h" />
    <ClInclude Include="ThreadPool.hpp" />
    <ClInclude Include="ThreadSafeQueue.hpp" />
    <ClInclude Include="TileViewer.h" />
    <ClInclude Include="STViewer.h" />
    <ClInclude Include="VR.h" />
    <ClInclude Include="RemoteClient.h" />
    <ClInclude Include="Socket.h" />
  </ItemGroup>
  <ItemGroup>
    <None Include="gui.frag" />
    <None Include="gui.vert" />
    <None Include="packages.config" />
    <None Include="Shader.frag" />
    <None Include="Shader.geom" />
    <None Include="Shader.vert" />
  </ItemGroup>
</Project>